
Microsoft Visual Studio Solution File, Format Version 12.00
# Visual Studio Version 16
VisualStudioVersion = 16.0.30114.105
MinimumVisualStudioVersion = 10.0.40219.1
Project("{9A19103F-16F7-4668-BE54-9A1E7A4F7556}") = "DevotedInMemDb", "DevotedInMemDb.csproj", "{74395CA5-925B-4955-A939-51BD6C1E6A24}"
EndProject
Global
	GlobalSection(SolutionConfigurationPlatforms) = preSolution
		Debug|Any CPU = Debug|Any CPU
		Release|Any CPU = Release|Any CPU
	EndGlobalSection
	GlobalSection(ProjectConfigurationPlatforms) = postSolution
		{74395CA5-925B-4955-A939-51BD6C1E6A24}.Debug|Any CPU.ActiveCfg = Debug|Any CPU
		{74395CA5-925B-4955-A939-51BD6C1E6A24}.Debug|Any CPU.Build.0 = Debug|Any CPU
		{74395CA5-925B-4955-A939-51BD6C1E6A24}.Release|Any CPU.ActiveCfg = Release|Any CPU
		{74395CA5-925B-4955-A939-51BD6C1E6A24}.Release|Any CPU.Build.0 = Release|Any CPU
		{B656264A-9689-4C25-848F-536CAC258E6D}.Debug|Any CPU.ActiveCfg = Debug|Any CPU
		{B656264A-9689-4C25-848F-536CAC258E6D}.Debug|Any CPU.Build.0 = Debug|Any CPU
		{B656264A-9689-4C25-848F-536CAC258E6D}.Release|Any CPU.ActiveCfg = Release|Any CPU
		{B656264A-9689-4C25-848F-536CAC258E6D}.Release|Any CPU.Build.0 = Release|Any CPU
	EndGlobalSection
	GlobalSection(SolutionProperties) = preSolution
		HideSolutionNode = FALSE
	EndGlobalSection
	GlobalSection(ExtensibilityGlobals) = postSolution
		SolutionGuid = {52FA2678-E33F-4EAA-A615-DF918C9B0BB0}
	EndGlobalSection
EndGlobal
